
Microsoft Visual Studio Solution File, Format Version 12.00
# Visual Studio 2017
Project("{FAE04EC0-301F-11D3-BF4B-00C04F79EFBC}") = "RGS Violeta_v6", "RGS Violeta_v6.csproj", "{2D36D75D-8D22-73CF-5D53-7ED9EE85B49D}"
EndProject
Global
	GlobalSection(SolutionConfigurationPlatforms) = preSolution
		Debug|Any CPU = Debug|Any CPU
		Release|Any CPU = Release|Any CPU
	EndGlobalSection
	GlobalSection(ProjectConfigurationPlatforms) = postSolution
		{2D36D75D-8D22-73CF-5D53-7ED9EE85B49D}.Debug|Any CPU.ActiveCfg = Debug|Any CPU
		{2D36D75D-8D22-73CF-5D53-7ED9EE85B49D}.Debug|Any CPU.Build.0 = Debug|Any CPU
		{2D36D75D-8D22-73CF-5D53-7ED9EE85B49D}.Release|Any CPU.ActiveCfg = Release|Any CPU
		{2D36D75D-8D22-73CF-5D53-7ED9EE85B49D}.Release|Any CPU.Build.0 = Release|Any CPU
	EndGlobalSection
	GlobalSection(SolutionProperties) = preSolution
		HideSolutionNode = FALSE
	EndGlobalSection
EndGlobal
